
Microsoft Visual Studio Solution File, Format Version 12.00
# Visual Studio Version 17
VisualStudioVersion = 17.3.32929.385
MinimumVisualStudioVersion = 10.0.40219.1
Project("{FAE04EC0-301F-11D3-BF4B-00C04F79EFBC}") = "YurtKayitSistemi", "YurtKayitSistemi\YurtKayitSistemi.csproj", "{E6DA8C80-2857-46E7-BE9F-D686ECDB1CC7}"
EndProject
Global
	GlobalSection(SolutionConfigurationPlatforms) = preSolution
		Debug|Any CPU = Debug|Any CPU
		Release|Any CPU = Release|Any CPU
	EndGlobalSection
	GlobalSection(ProjectConfigurationPlatforms) = postSolution
		{E6DA8C80-2857-46E7-BE9F-D686ECDB1CC7}.Debug|Any CPU.ActiveCfg = Debug|Any CPU
		{E6DA8C80-2857-46E7-BE9F-D686ECDB1CC7}.Debug|Any CPU.Build.0 = Debug|Any CPU
		{E6DA8C80-2857-46E7-BE9F-D686ECDB1CC7}.Release|Any CPU.ActiveCfg = Release|Any CPU
		{E6DA8C80-2857-46E7-BE9F-D686ECDB1CC7}.Release|Any CPU.Build.0 = Release|Any CPU
	EndGlobalSection
	GlobalSection(SolutionProperties) = preSolution
		HideSolutionNode = FALSE
	EndGlobalSection
	GlobalSection(ExtensibilityGlobals) = postSolution
		SolutionGuid = {2903AFD7-D656-4FAD-AF1D-839F050E087D}
	EndGlobalSection
EndGlobal
